
Microsoft Visual Studio Solution File, Format Version 12.00
# Visual Studio Version 16
VisualStudioVersion = 25.0.1705.4
MinimumVisualStudioVersion = 10.0.40219.1
Project("{FAE04EC0-301F-11D3-BF4B-00C04F79EFBC}") = "bitbox", "bitbox.csproj", "{4524F75B-C811-4B6B-BC29-FBA4B38474C4}"
EndProject
Global
	GlobalSection(SolutionConfigurationPlatforms) = preSolution
		Debug|Any CPU = Debug|Any CPU
		Release|Any CPU = Release|Any CPU
	EndGlobalSection
	GlobalSection(ProjectConfigurationPlatforms) = postSolution
		{4524F75B-C811-4B6B-BC29-FBA4B38474C4}.Debug|Any CPU.ActiveCfg = Debug|Any CPU
		{4524F75B-C811-4B6B-BC29-FBA4B38474C4}.Debug|Any CPU.Build.0 = Debug|Any CPU
		{4524F75B-C811-4B6B-BC29-FBA4B38474C4}.Release|Any CPU.ActiveCfg = Release|Any CPU
		{4524F75B-C811-4B6B-BC29-FBA4B38474C4}.Release|Any CPU.Build.0 = Release|Any CPU
	EndGlobalSection
	GlobalSection(SolutionProperties) = preSolution
		HideSolutionNode = FALSE
	EndGlobalSection
	GlobalSection(ExtensibilityGlobals) = postSolution
		SolutionGuid = {FFED1AC8-11D1-4956-9D33-21F5541197C9}
	EndGlobalSection
EndGlobal
